
Microsoft Visual Studio Solution File, Format Version 12.00
# Visual Studio Version 17
VisualStudioVersion = 17.2.32630.192
MinimumVisualStudioVersion = 10.0.40219.1
Project("{FAE04EC0-301F-11D3-BF4B-00C04F79EFBC}") = "CalcuulatorX3", "CalcuulatorX3\CalcuulatorX3.csproj", "{6AEED78A-BE7B-4FD7-9A08-E73DF3C52A54}"
EndProject
Global
	GlobalSection(SolutionConfigurationPlatforms) = preSolution
		Debug|Any CPU = Debug|Any CPU
		Release|Any CPU = Release|Any CPU
	EndGlobalSection
	GlobalSection(ProjectConfigurationPlatforms) = postSolution
		{6AEED78A-BE7B-4FD7-9A08-E73DF3C52A54}.Debug|Any CPU.ActiveCfg = Debug|Any CPU
		{6AEED78A-BE7B-4FD7-9A08-E73DF3C52A54}.Debug|Any CPU.Build.0 = Debug|Any CPU
		{6AEED78A-BE7B-4FD7-9A08-E73DF3C52A54}.Release|Any CPU.ActiveCfg = Release|Any CPU
		{6AEED78A-BE7B-4FD7-9A08-E73DF3C52A54}.Release|Any CPU.Build.0 = Release|Any CPU
	EndGlobalSection
	GlobalSection(SolutionProperties) = preSolution
		HideSolutionNode = FALSE
	EndGlobalSection
	GlobalSection(ExtensibilityGlobals) = postSolution
		SolutionGuid = {93FBE02A-6CAC-4C4B-930A-9FEC109B7FF3}
	EndGlobalSection
EndGlobal
